// !$*UTF8*$!
{
	archiveVersion = 1;
	classes = {
	};
	objectVersion = 63;
	objects = {

/* Begin PBXBuildFile section */
		5A7EFA65BF93540E879A3C26 /* FilmnetTVApp.swift in Sources */ = {isa = PBXBuildFile; fileRef = 1F01FDE8778D0ABE2565BA80 /* FilmnetTVApp.swift */; };
		6C6E3DE3C76B663A15E4950A /* WebView.swift in Sources */ = {isa = PBXBuildFile; fileRef = BC00A89C34283CCA35B8C8F5 /* WebView.swift */; };
		B76E326410CFC9E3D8200C48 /* RemoteInput.swift in Sources */ = {isa = PBXBuildFile; fileRef = 7D4D1C102F0F985865B70DD3 /* RemoteInput.swift */; };
		ED18C539ABEC5E751655479A /* GameController.framework in Frameworks */ = {isa = PBXBuildFile; fileRef = 01DAC51B1C33180B7725DC3F /* GameController.framework */; };
		F485C3F159686B133F9E7E1C /* ContentView.swift in Sources */ = {isa = PBXBuildFile; fileRef = F6E65D2AC6F3029F69BDF0AA /* ContentView.swift */; };
/* End PBXBuildFile section */

/* Begin PBXFileReference section */
		01DAC51B1C33180B7725DC3F /* GameController.framework */ = {isa = PBXFileReference; lastKnownFileType = wrapper.framework; name = GameController.framework; path = System/Library/Frameworks/GameController.framework; sourceTree = SDKROOT; };
		186CD2C25FF20ACB14FEA3AC /* FilmnetTV.app */ = {isa = PBXFileReference; explicitFileType = wrapper.application; includeInIndex = 0; path = FilmnetTV.app; sourceTree = BUILT_PRODUCTS_DIR; };
		1F01FDE8778D0ABE2565BA80 /* FilmnetTVApp.swift */ = {isa = PBXFileReference; lastKnownFileType = sourcecode.swift; path = FilmnetTVApp.swift; sourceTree = "<group>"; };
		6B22A8EA67A126DC7E0372D4 /* Info.plist */ = {isa = PBXFileReference; lastKnownFileType = text.plist; path = Info.plist; sourceTree = "<group>"; };
		7D4D1C102F0F985865B70DD3 /* RemoteInput.swift */ = {isa = PBXFileReference; lastKnownFileType = sourcecode.swift; path = RemoteInput.swift; sourceTree = "<group>"; };
		BC00A89C34283CCA35B8C8F5 /* WebView.swift */ = {isa = PBXFileReference; lastKnownFileType = sourcecode.swift; path = WebView.swift; sourceTree = "<group>"; };
		F6E65D2AC6F3029F69BDF0AA /* ContentView.swift */ = {isa = PBXFileReference; lastKnownFileType = sourcecode.swift; path = ContentView.swift; sourceTree = "<group>"; };
/* End PBXFileReference section */

/* Begin PBXFrameworksBuildPhase section */
		B423006BCFB0EF20A2C872A0 /* Frameworks */ = {
			isa = PBXFrameworksBuildPhase;
			buildActionMask = 2147483647;
			files = (
				ED18C539ABEC5E751655479A /* GameController.framework in Frameworks */,
			);
			runOnlyForDeploymentPostprocessing = 0;
		};
/* End PBXFrameworksBuildPhase section */

/* Begin PBXGroup section */
		8D402A7B967B145BACAB5B55 /* Products */ = {
			isa = PBXGroup;
			children = (
				186CD2C25FF20ACB14FEA3AC /* FilmnetTV.app */,
			);
			name = Products;
			sourceTree = "<group>";
		};
		A24FCE9FA4FC6999B584685A /* Frameworks */ = {
			isa = PBXGroup;
			children = (
				01DAC51B1C33180B7725DC3F /* GameController.framework */,
			);
			name = Frameworks;
			sourceTree = "<group>";
		};
		C1F4FFA6AC19EAF424BA4DA3 = {
			isa = PBXGroup;
			children = (
				F0903314400C9C39A71523C0 /* FilmnetTV */,
				A24FCE9FA4FC6999B584685A /* Frameworks */,
				8D402A7B967B145BACAB5B55 /* Products */,
			);
			sourceTree = "<group>";
		};
		F0903314400C9C39A71523C0 /* FilmnetTV */ = {
			isa = PBXGroup;
			children = (
				F6E65D2AC6F3029F69BDF0AA /* ContentView.swift */,
				1F01FDE8778D0ABE2565BA80 /* FilmnetTVApp.swift */,
				6B22A8EA67A126DC7E0372D4 /* Info.plist */,
				7D4D1C102F0F985865B70DD3 /* RemoteInput.swift */,
				BC00A89C34283CCA35B8C8F5 /* WebView.swift */,
			);
			path = FilmnetTV;
			sourceTree = "<group>";
		};
/* End PBXGroup section */

/* Begin PBXNativeTarget section */
		0FE2961919F158AABC13EE98 /* FilmnetTV */ = {
			isa = PBXNativeTarget;
			buildConfigurationList = 83490F933CFDDD788A993F4E /* Build configuration list for PBXNativeTarget "FilmnetTV" */;
			buildPhases = (
				4EC159B5B720601A952BFAB9 /* Sources */,
				B423006BCFB0EF20A2C872A0 /* Frameworks */,
			);
			buildRules = (
			);
			dependencies = (
			);
			name = FilmnetTV;
			packageProductDependencies = (
			);
			productName = FilmnetTV;
			productReference = 186CD2C25FF20ACB14FEA3AC /* FilmnetTV.app */;
			productType = "com.apple.product-type.application";
		};
/* End PBXNativeTarget section */

/* Begin PBXProject section */
		47AC60595CD29E07C714A80B /* Project object */ = {
			isa = PBXProject;
			attributes = {
				BuildIndependentTargetsInParallel = YES;
				LastUpgradeCheck = 1430;
			};
			buildConfigurationList = D11721687CEB7869F82161BC /* Build configuration list for PBXProject "FilmnetTV" */;
			compatibilityVersion = "Xcode 14.0";
			developmentRegion = en;
			hasScannedForEncodings = 0;
			knownRegions = (
				Base,
				en,
			);
			mainGroup = C1F4FFA6AC19EAF424BA4DA3;
			minimizedProjectReferenceProxies = 1;
			projectDirPath = "";
			projectRoot = "";
			targets = (
				0FE2961919F158AABC13EE98 /* FilmnetTV */,
			);
		};
/* End PBXProject section */

/* Begin PBXSourcesBuildPhase section */
		4EC159B5B720601A952BFAB9 /* Sources */ = {
			isa = PBXSourcesBuildPhase;
			buildActionMask = 2147483647;
			files = (
				F485C3F159686B133F9E7E1C /* ContentView.swift in Sources */,
				5A7EFA65BF93540E879A3C26 /* FilmnetTVApp.swift in Sources */,
				B76E326410CFC9E3D8200C48 /* RemoteInput.swift in Sources */,
				6C6E3DE3C76B663A15E4950A /* WebView.swift in Sources */,
			);
			runOnlyForDeploymentPostprocessing = 0;
		};
/* End PBXSourcesBuildPhase section */

/* Begin XCBuildConfiguration section */
		757DEA6302DA52CFDFA0273E /* Debug */ = {
			isa = XCBuildConfiguration;
			buildSettings = {
				ASSETCATALOG_COMPILER_APPICON_NAME = "App Icon & Top Shelf Image";
				ASSETCATALOG_COMPILER_LAUNCHIMAGE_NAME = LaunchImage;
				CURRENT_PROJECT_VERSION = 1;
				DEVELOPMENT_TEAM = 5JM7DX35S8;
				ENABLE_BITCODE = NO;
				FRAMEWORK_SEARCH_PATHS = "$(inherited)";
				INFOPLIST_FILE = FilmnetTV/Info.plist;
				LD_RUNPATH_SEARCH_PATHS = (
					"$(inherited)",
					"@executable_path/Frameworks",
				);
				MARKETING_VERSION = 1.0;
				PRODUCT_BUNDLE_IDENTIFIER = dev.igln.FilmnetTV;
				SDKROOT = appletvos;
				TARGETED_DEVICE_FAMILY = 3;
				TVOS_DEPLOYMENT_TARGET = 16.0;
			};
			name = Debug;
		};
		86CCD2B198D9CE99F99B4C86 /* Release */ = {
			isa = XCBuildConfiguration;
			buildSettings = {
				ALWAYS_SEARCH_USER_PATHS = NO;
				CLANG_ANALYZER_NONNULL = YES;
				CLANG_ANALYZER_NUMBER_OBJECT_CONVERSION = YES_AGGRESSIVE;
				CLANG_CXX_LANGUAGE_STANDARD = "gnu++14";
				CLANG_CXX_LIBRARY = "libc++";
				CLANG_ENABLE_MODULES = YES;
				CLANG_ENABLE_OBJC_ARC = YES;
				CLANG_ENABLE_OBJC_WEAK = YES;
				CLANG_WARN_BLOCK_CAPTURE_AUTORELEASING = YES;
				CLANG_WARN_BOOL_CONVERSION = YES;
				CLANG_WARN_COMMA = YES;
				CLANG_WARN_CONSTANT_CONVERSION = YES;
				CLANG_WARN_DEPRECATED_OBJC_IMPLEMENTATIONS = YES;
				CLANG_WARN_DIRECT_OBJC_ISA_USAGE = YES_ERROR;
				CLANG_WARN_DOCUMENTATION_COMMENTS = YES;
				CLANG_WARN_EMPTY_BODY = YES;
				CLANG_WARN_ENUM_CONVERSION = YES;
				CLANG_WARN_INFINITE_RECURSION = YES;
				CLANG_WARN_INT_CONVERSION = YES;
				CLANG_WARN_NON_LITERAL_NULL_CONVERSION = YES;
				CLANG_WARN_OBJC_IMPLICIT_RETAIN_SELF = YES;
				CLANG_WARN_OBJC_LITERAL_CONVERSION = YES;
				CLANG_WARN_OBJC_ROOT_CLASS = YES_ERROR;
				CLANG_WARN_QUOTED_INCLUDE_IN_FRAMEWORK_HEADER = YES;
				CLANG_WARN_RANGE_LOOP_ANALYSIS = YES;
				CLANG_WARN_STRICT_PROTOTYPES = YES;
				CLANG_WARN_SUSPICIOUS_MOVE = YES;
				CLANG_WARN_UNGUARDED_AVAILABILITY = YES_AGGRESSIVE;
				CLANG_WARN_UNREACHABLE_CODE = YES;
				CLANG_WARN__DUPLICATE_METHOD_MATCH = YES;
				COPY_PHASE_STRIP = NO;
				DEBUG_INFORMATION_FORMAT = "dwarf-with-dsym";
				ENABLE_NS_ASSERTIONS = NO;
				ENABLE_STRICT_OBJC_MSGSEND = YES;
				GCC_C_LANGUAGE_STANDARD = gnu11;
				GCC_NO_COMMON_BLOCKS = YES;
				GCC_WARN_64_TO_32_BIT_CONVERSION = YES;
				GCC_WARN_ABOUT_RETURN_TYPE = YES_ERROR;
				GCC_WARN_UNDECLARED_SELECTOR = YES;
				GCC_WARN_UNINITIALIZED_AUTOS = YES_AGGRESSIVE;
				GCC_WARN_UNUSED_FUNCTION = YES;
				GCC_WARN_UNUSED_VARIABLE = YES;
				MTL_ENABLE_DEBUG_INFO = NO;
				MTL_FAST_MATH = YES;
				PRODUCT_NAME = "$(TARGET_NAME)";
				SDKROOT = appletvos;
				SWIFT_COMPILATION_MODE = wholemodule;
				SWIFT_OPTIMIZATION_LEVEL = "-O";
				SWIFT_VERSION = 5.0;
			};
			name = Release;
		};
		A1005D4E3C20EEA3291AAE1A /* Debug */ = {
			isa = XCBuildConfiguration;
			buildSettings = {
				ALWAYS_SEARCH_USER_PATHS = NO;
				CLANG_ANALYZER_NONNULL = YES;
				CLANG_ANALYZER_NUMBER_OBJECT_CONVERSION = YES_AGGRESSIVE;
				CLANG_CXX_LANGUAGE_STANDARD = "gnu++14";
				CLANG_CXX_LIBRARY = "libc++";
				CLANG_ENABLE_MODULES = YES;
				CLANG_ENABLE_OBJC_ARC = YES;
				CLANG_ENABLE_OBJC_WEAK = YES;
				CLANG_WARN_BLOCK_CAPTURE_AUTORELEASING = YES;
				CLANG_WARN_BOOL_CONVERSION = YES;
				CLANG_WARN_COMMA = YES;
				CLANG_WARN_CONSTANT_CONVERSION = YES;
				CLANG_WARN_DEPRECATED_OBJC_IMPLEMENTATIONS = YES;
				CLANG_WARN_DIRECT_OBJC_ISA_USAGE = YES_ERROR;
				CLANG_WARN_DOCUMENTATION_COMMENTS = YES;
				CLANG_WARN_EMPTY_BODY = YES;
				CLANG_WARN_ENUM_CONVERSION = YES;
				CLANG_WARN_INFINITE_RECURSION = YES;
				CLANG_WARN_INT_CONVERSION = YES;
				CLANG_WARN_NON_LITERAL_NULL_CONVERSION = YES;
				CLANG_WARN_OBJC_IMPLICIT_RETAIN_SELF = YES;
				CLANG_WARN_OBJC_LITERAL_CONVERSION = YES;
				CLANG_WARN_OBJC_ROOT_CLASS = YES_ERROR;
				CLANG_WARN_QUOTED_INCLUDE_IN_FRAMEWORK_HEADER = YES;
				CLANG_WARN_RANGE_LOOP_ANALYSIS = YES;
				CLANG_WARN_STRICT_PROTOTYPES = YES;
				CLANG_WARN_SUSPICIOUS_MOVE = YES;
				CLANG_WARN_UNGUARDED_AVAILABILITY = YES_AGGRESSIVE;
				CLANG_WARN_UNREACHABLE_CODE = YES;
				CLANG_WARN__DUPLICATE_METHOD_MATCH = YES;
				COPY_PHASE_STRIP = NO;
				DEBUG_INFORMATION_FORMAT = dwarf;
				ENABLE_STRICT_OBJC_MSGSEND = YES;
				ENABLE_TESTABILITY = YES;
				GCC_C_LANGUAGE_STANDARD = gnu11;
				GCC_DYNAMIC_NO_PIC = NO;
				GCC_NO_COMMON_BLOCKS = YES;
				GCC_OPTIMIZATION_LEVEL = 0;
				GCC_PREPROCESSOR_DEFINITIONS = (
					"$(inherited)",
					"DEBUG=1",
				);
				GCC_WARN_64_TO_32_BIT_CONVERSION = YES;
				GCC_WARN_ABOUT_RETURN_TYPE = YES_ERROR;
				GCC_WARN_UNDECLARED_SELECTOR = YES;
				GCC_WARN_UNINITIALIZED_AUTOS = YES_AGGRESSIVE;
				GCC_WARN_UNUSED_FUNCTION = YES;
				GCC_WARN_UNUSED_VARIABLE = YES;
				MTL_ENABLE_DEBUG_INFO = INCLUDE_SOURCE;
				MTL_FAST_MATH = YES;
				ONLY_ACTIVE_ARCH = YES;
				PRODUCT_NAME = "$(TARGET_NAME)";
				SDKROOT = appletvos;
				SWIFT_ACTIVE_COMPILATION_CONDITIONS = DEBUG;
				SWIFT_OPTIMIZATION_LEVEL = "-Onone";
				SWIFT_VERSION = 5.0;
			};
			name = Debug;
		};
		B1B60F72D3D50B9E8DF784BB /* Release */ = {
			isa = XCBuildConfiguration;
			buildSettings = {
				ASSETCATALOG_COMPILER_APPICON_NAME = "App Icon & Top Shelf Image";
				ASSETCATALOG_COMPILER_LAUNCHIMAGE_NAME = LaunchImage;
				CURRENT_PROJECT_VERSION = 1;
				DEVELOPMENT_TEAM = 5JM7DX35S8;
				ENABLE_BITCODE = NO;
				FRAMEWORK_SEARCH_PATHS = "$(inherited)";
				INFOPLIST_FILE = FilmnetTV/Info.plist;
				LD_RUNPATH_SEARCH_PATHS = (
					"$(inherited)",
					"@executable_path/Frameworks",
				);
				MARKETING_VERSION = 1.0;
				PRODUCT_BUNDLE_IDENTIFIER = dev.igln.FilmnetTV;
				SDKROOT = appletvos;
				TARGETED_DEVICE_FAMILY = 3;
				TVOS_DEPLOYMENT_TARGET = 16.0;
			};
			name = Release;
		};
/* End XCBuildConfiguration section */

/* Begin XCConfigurationList section */
		83490F933CFDDD788A993F4E /* Build configuration list for PBXNativeTarget "FilmnetTV" */ = {
			isa = XCConfigurationList;
			buildConfigurations = (
				757DEA6302DA52CFDFA0273E /* Debug */,
				B1B60F72D3D50B9E8DF784BB /* Release */,
			);
			defaultConfigurationIsVisible = 0;
			defaultConfigurationName = Debug;
		};
		D11721687CEB7869F82161BC /* Build configuration list for PBXProject "FilmnetTV" */ = {
			isa = XCConfigurationList;
			buildConfigurations = (
				A1005D4E3C20EEA3291AAE1A /* Debug */,
				86CCD2B198D9CE99F99B4C86 /* Release */,
			);
			defaultConfigurationIsVisible = 0;
			defaultConfigurationName = Debug;
		};
/* End XCConfigurationList section */
	};
	rootObject = 47AC60595CD29E07C714A80B /* Project object */;
}
